// !$*UTF8*$!
{
	archiveVersion = 1;
	classes = {
	};
	objectVersion = 56;
	objects = {

/* Begin PBXBuildFile section */
		467DAE322901A51D00D703A1 /* AppDelegate.swift in Sources */ = {isa = PBXBuildFile; fileRef = 467DAE312901A51D00D703A1 /* AppDelegate.swift */; };
		467DAE342901A51D00D703A1 /* SceneDelegate.swift in Sources */ = {isa = PBXBuildFile; fileRef = 467DAE332901A51D00D703A1 /* SceneDelegate.swift */; };
		467DAE362901A51D00D703A1 /* ViewController.swift in Sources */ = {isa = PBXBuildFile; fileRef = 467DAE352901A51D00D703A1 /* ViewController.swift */; };
		467DAE392901A51D00D703A1 /* Main.storyboard in Resources */ = {isa = PBXBuildFile; fileRef = 467DAE372901A51D00D703A1 /* Main.storyboard */; };
		467DAE3B2901A52700D703A1 /* Assets.xcassets in Resources */ = {isa = PBXBuildFile; fileRef = 467DAE3A2901A52700D703A1 /* Assets.xcassets */; };
		467DAE3E2901A52700D703A1 /* LaunchScreen.storyboard in Resources */ = {isa = PBXBuildFile; fileRef = 467DAE3C2901A52700D703A1 /* LaunchScreen.storyboard */; };
		467DAE492901A52900D703A1 /* Apple_PieTests.swift in Sources */ = {isa = PBXBuildFile; fileRef = 467DAE482901A52900D703A1 /* Apple_PieTests.swift */; };
		467DAE532901A52900D703A1 /* Apple_PieUITests.swift in Sources */ = {isa = PBXBuildFile; fileRef = 467DAE522901A52900D703A1 /* Apple_PieUITests.swift */; };
		467DAE552901A52900D703A1 /* Apple_PieUITestsLaunchTests.swift in Sources */ = {isa = PBXBuildFile; fileRef = 467DAE542901A52900D703A1 /* Apple_PieUITestsLaunchTests.swift */; };
/* End PBXBuildFile section */

/* Begin PBXContainerItemProxy section */
		467DAE452901A52900D703A1 /* PBXContainerItemProxy */ = {
			isa = PBXContainerItemProxy;
			containerPortal = 467DAE262901A51D00D703A1 /* Project object */;
			proxyType = 1;
			remoteGlobalIDString = 467DAE2D2901A51D00D703A1;
			remoteInfo = "Apple Pie";
		};
		467DAE4F2901A52900D703A1 /* PBXContainerItemProxy */ = {
			isa = PBXContainerItemProxy;
			containerPortal = 467DAE262901A51D00D703A1 /* Project object */;
			proxyType = 1;
			remoteGlobalIDString = 467DAE2D2901A51D00D703A1;
			remoteInfo = "Apple Pie";
		};
/* End PBXContainerItemProxy section */

/* Begin PBXFileReference section */
		467DAE2E2901A51D00D703A1 /* Apple Pie.app */ = {isa = PBXFileReference; explicitFileType = wrapper.application; includeInIndex = 0; path = "Apple Pie.app"; sourceTree = BUILT_PRODUCTS_DIR; };
		467DAE312901A51D00D703A1 /* AppDelegate.swift */ = {isa = PBXFileReference; lastKnownFileType = sourcecode.swift; path = AppDelegate.swift; sourceTree = "<group>"; };
		467DAE332901A51D00D703A1 /* SceneDelegate.swift */ = {isa = PBXFileReference; lastKnownFileType = sourcecode.swift; path = SceneDelegate.swift; sourceTree = "<group>"; };
		467DAE352901A51D00D703A1 /* ViewController.swift */ = {isa = PBXFileReference; lastKnownFileType = sourcecode.swift; path = ViewController.swift; sourceTree = "<group>"; };
		467DAE382901A51D00D703A1 /* Base */ = {isa = PBXFileReference; lastKnownFileType = file.storyboard; name = Base; path = Base.lproj/Main.storyboard; sourceTree = "<group>"; };
		467DAE3A2901A52700D703A1 /* Assets.xcassets */ = {isa = PBXFileReference; lastKnownFileType = folder.assetcatalog; path = Assets.xcassets; sourceTree = "<group>"; };
		467DAE3D2901A52700D703A1 /* Base */ = {isa = PBXFileReference; lastKnownFileType = file.storyboard; name = Base; path = Base.lproj/LaunchScreen.storyboard; sourceTree = "<group>"; };
		467DAE3F2901A52700D703A1 /* Info.plist */ = {isa = PBXFileReference; lastKnownFileType = text.plist.xml; path = Info.plist; sourceTree = "<group>"; };
		467DAE442901A52900D703A1 /* Apple PieTests.xctest */ = {isa = PBXFileReference; explicitFileType = wrapper.cfbundle; includeInIndex = 0; path = "Apple PieTests.xctest"; sourceTree = BUILT_PRODUCTS_DIR; };
		467DAE482901A52900D703A1 /* Apple_PieTests.swift */ = {isa = PBXFileReference; lastKnownFileType = sourcecode.swift; path = Apple_PieTests.swift; sourceTree = "<group>"; };
		467DAE4E2901A52900D703A1 /* Apple PieUITests.xctest */ = {isa = PBXFileReference; explicitFileType = wrapper.cfbundle; includeInIndex = 0; path = "Apple PieUITests.xctest"; sourceTree = BUILT_PRODUCTS_DIR; };
		467DAE522901A52900D703A1 /* Apple_PieUITests.swift */ = {isa = PBXFileReference; lastKnownFileType = sourcecode.swift; path = Apple_PieUITests.swift; sourceTree = "<group>"; };
		467DAE542901A52900D703A1 /* Apple_PieUITestsLaunchTests.swift */ = {isa = PBXFileReference; lastKnownFileType = sourcecode.swift; path = Apple_PieUITestsLaunchTests.swift; sourceTree = "<group>"; };
/* End PBXFileReference section */

/* Begin PBXFrameworksBuildPhase section */
		467DAE2B2901A51D00D703A1 /* Frameworks */ = {
			isa = PBXFrameworksBuildPhase;
			buildActionMask = 2147483647;
			files = (
			);
			runOnlyForDeploymentPostprocessing = 0;
		};
		467DAE412901A52900D703A1 /* Frameworks */ = {
			isa = PBXFrameworksBuildPhase;
			buildActionMask = 2147483647;
			files = (
			);
			runOnlyForDeploymentPostprocessing = 0;
		};
		467DAE4B2901A52900D703A1 /* Frameworks */ = {
			isa = PBXFrameworksBuildPhase;
			buildActionMask = 2147483647;
			files = (
			);
			runOnlyForDeploymentPostprocessing = 0;
		};
/* End PBXFrameworksBuildPhase section */

/* Begin PBXGroup section */
		467DAE252901A51D00D703A1 = {
			isa = PBXGroup;
			children = (
				467DAE302901A51D00D703A1 /* Apple Pie */,
				467DAE472901A52900D703A1 /* Apple PieTests */,
				467DAE512901A52900D703A1 /* Apple PieUITests */,
				467DAE2F2901A51D00D703A1 /* Products */,
			);
			sourceTree = "<group>";
		};
		467DAE2F2901A51D00D703A1 /* Products */ = {
			isa = PBXGroup;
			children = (
				467DAE2E2901A51D00D703A1 /* Apple Pie.app */,
				467DAE442901A52900D703A1 /* Apple PieTests.xctest */,
				467DAE4E2901A52900D703A1 /* Apple PieUITests.xctest */,
			);
			name = Products;
			sourceTree = "<group>";
		};
		467DAE302901A51D00D703A1 /* Apple Pie */ = {
			isa = PBXGroup;
			children = (
				467DAE312901A51D00D703A1 /* AppDelegate.swift */,
				467DAE332901A51D00D703A1 /* SceneDelegate.swift */,
				467DAE352901A51D00D703A1 /* ViewController.swift */,
				467DAE372901A51D00D703A1 /* Main.storyboard */,
				467DAE3A2901A52700D703A1 /* Assets.xcassets */,
				467DAE3C2901A52700D703A1 /* LaunchScreen.storyboard */,
				467DAE3F2901A52700D703A1 /* Info.plist */,
			);
			path = "Apple Pie";
			sourceTree = "<group>";
		};
		467DAE472901A52900D703A1 /* Apple PieTests */ = {
			isa = PBXGroup;
			children = (
				467DAE482901A52900D703A1 /* Apple_PieTests.swift */,
			);
			path = "Apple PieTests";
			sourceTree = "<group>";
		};
		467DAE512901A52900D703A1 /* Apple PieUITests */ = {
			isa = PBXGroup;
			children = (
				467DAE522901A52900D703A1 /* Apple_PieUITests.swift */,
				467DAE542901A52900D703A1 /* Apple_PieUITestsLaunchTests.swift */,
			);
			path = "Apple PieUITests";
			sourceTree = "<group>";
		};
/* End PBXGroup section */

/* Begin PBXNativeTarget section */
		467DAE2D2901A51D00D703A1 /* Apple Pie */ = {
			isa = PBXNativeTarget;
			buildConfigurationList = 467DAE582901A52900D703A1 /* Build configuration list for PBXNativeTarget "Apple Pie" */;
			buildPhases = (
				467DAE2A2901A51D00D703A1 /* Sources */,
				467DAE2B2901A51D00D703A1 /* Frameworks */,
				467DAE2C2901A51D00D703A1 /* Resources */,
			);
			buildRules = (
			);
			dependencies = (
			);
			name = "Apple Pie";
			productName = "Apple Pie";
			productReference = 467DAE2E2901A51D00D703A1 /* Apple Pie.app */;
			productType = "com.apple.product-type.application";
		};
		467DAE432901A52900D703A1 /* Apple PieTests */ = {
			isa = PBXNativeTarget;
			buildConfigurationList = 467DAE5B2901A52900D703A1 /* Build configuration list for PBXNativeTarget "Apple PieTests" */;
			buildPhases = (
				467DAE402901A52900D703A1 /* Sources */,
				467DAE412901A52900D703A1 /* Frameworks */,
				467DAE422901A52900D703A1 /* Resources */,
			);
			buildRules = (
			);
			dependencies = (
				467DAE462901A52900D703A1 /* PBXTargetDependency */,
			);
			name = "Apple PieTests";
			productName = "Apple PieTests";
			productReference = 467DAE442901A52900D703A1 /* Apple PieTests.xctest */;
			productType = "com.apple.product-type.bundle.unit-test";
		};
		467DAE4D2901A52900D703A1 /* Apple PieUITests */ = {
			isa = PBXNativeTarget;
			buildConfigurationList = 467DAE5E2901A52900D703A1 /* Build configuration list for PBXNativeTarget "Apple PieUITests" */;
			buildPhases = (
				467DAE4A2901A52900D703A1 /* Sources */,
				467DAE4B2901A52900D703A1 /* Frameworks */,
				467DAE4C2901A52900D703A1 /* Resources */,
			);
			buildRules = (
			);
			dependencies = (
				467DAE502901A52900D703A1 /* PBXTargetDependency */,
			);
			name = "Apple PieUITests";
			productName = "Apple PieUITests";
			productReference = 467DAE4E2901A52900D703A1 /* Apple PieUITests.xctest */;
			productType = "com.apple.product-type.bundle.ui-testing";
		};
/* End PBXNativeTarget section */

/* Begin PBXProject section */
		467DAE262901A51D00D703A1 /* Project object */ = {
			isa = PBXProject;
			attributes = {
				BuildIndependentTargetsInParallel = 1;
				LastSwiftUpdateCheck = 1400;
				LastUpgradeCheck = 1400;
				TargetAttributes = {
					467DAE2D2901A51D00D703A1 = {
						CreatedOnToolsVersion = 14.0.1;
					};
					467DAE432901A52900D703A1 = {
						CreatedOnToolsVersion = 14.0.1;
						TestTargetID = 467DAE2D2901A51D00D703A1;
					};
					467DAE4D2901A52900D703A1 = {
						CreatedOnToolsVersion = 14.0.1;
						TestTargetID = 467DAE2D2901A51D00D703A1;
					};
				};
			};
			buildConfigurationList = 467DAE292901A51D00D703A1 /* Build configuration list for PBXProject "Apple Pie" */;
			compatibilityVersion = "Xcode 14.0";
			developmentRegion = en;
			hasScannedForEncodings = 0;
			knownRegions = (
				en,
				Base,
			);
			mainGroup = 467DAE252901A51D00D703A1;
			productRefGroup = 467DAE2F2901A51D00D703A1 /* Products */;
			projectDirPath = "";
			projectRoot = "";
			targets = (
				467DAE2D2901A51D00D703A1 /* Apple Pie */,
				467DAE432901A52900D703A1 /* Apple PieTests */,
				467DAE4D2901A52900D703A1 /* Apple PieUITests */,
			);
		};
/* End PBXProject section */

/* Begin PBXResourcesBuildPhase section */
		467DAE2C2901A51D00D703A1 /* Resources */ = {
			isa = PBXResourcesBuildPhase;
			buildActionMask = 2147483647;
			files = (
				467DAE3E2901A52700D703A1 /* LaunchScreen.storyboard in Resources */,
				467DAE3B2901A52700D703A1 /* Assets.xcassets in Resources */,
				467DAE392901A51D00D703A1 /* Main.storyboard in Resources */,
			);
			runOnlyForDeploymentPostprocessing = 0;
		};
		467DAE422901A52900D703A1 /* Resources */ = {
			isa = PBXResourcesBuildPhase;
			buildActionMask = 2147483647;
			files = (
			);
			runOnlyForDeploymentPostprocessing = 0;
		};
		467DAE4C2901A52900D703A1 /* Resources */ = {
			isa = PBXResourcesBuildPhase;
			buildActionMask = 2147483647;
			files = (
			);
			runOnlyForDeploymentPostprocessing = 0;
		};
/* End PBXResourcesBuildPhase section */

/* Begin PBXSourcesBuildPhase section */
		467DAE2A2901A51D00D703A1 /* Sources */ = {
			isa = PBXSourcesBuildPhase;
			buildActionMask = 2147483647;
			files = (
				467DAE362901A51D00D703A1 /* ViewController.swift in Sources */,
				467DAE322901A51D00D703A1 /* AppDelegate.swift in Sources */,
				467DAE342901A51D00D703A1 /* SceneDelegate.swift in Sources */,
			);
			runOnlyForDeploymentPostprocessing = 0;
		};
		467DAE402901A52900D703A1 /* Sources */ = {
			isa = PBXSourcesBuildPhase;
			buildActionMask = 2147483647;
			files = (
				467DAE492901A52900D703A1 /* Apple_PieTests.swift in Sources */,
			);
			runOnlyForDeploymentPostprocessing = 0;
		};
		467DAE4A2901A52900D703A1 /* Sources */ = {
			isa = PBXSourcesBuildPhase;
			buildActionMask = 2147483647;
			files = (
				467DAE552901A52900D703A1 /* Apple_PieUITestsLaunchTests.swift in Sources */,
				467DAE532901A52900D703A1 /* Apple_PieUITests.swift in Sources */,
			);
			runOnlyForDeploymentPostprocessing = 0;
		};
/* End PBXSourcesBuildPhase section */

/* Begin PBXTargetDependency section */
		467DAE462901A52900D703A1 /* PBXTargetDependency */ = {
			isa = PBXTargetDependency;
			target = 467DAE2D2901A51D00D703A1 /* Apple Pie */;
			targetProxy = 467DAE452901A52900D703A1 /* PBXContainerItemProxy */;
		};
		467DAE502901A52900D703A1 /* PBXTargetDependency */ = {
			isa = PBXTargetDependency;
			target = 467DAE2D2901A51D00D703A1 /* Apple Pie */;
			targetProxy = 467DAE4F2901A52900D703A1 /* PBXContainerItemProxy */;
		};
/* End PBXTargetDependency section */

/* Begin PBXVariantGroup section */
		467DAE372901A51D00D703A1 /* Main.storyboard */ = {
			isa = PBXVariantGroup;
			children = (
				467DAE382901A51D00D703A1 /* Base */,
			);
			name = Main.storyboard;
			sourceTree = "<group>";
		};
		467DAE3C2901A52700D703A1 /* LaunchScreen.storyboard */ = {
			isa = PBXVariantGroup;
			children = (
				467DAE3D2901A52700D703A1 /* Base */,
			);
			name = LaunchScreen.storyboard;
			sourceTree = "<group>";
		};
/* End PBXVariantGroup section */

/* Begin XCBuildConfiguration section */
		467DAE562901A52900D703A1 /* Debug */ = {
			isa = XCBuildConfiguration;
			buildSettings = {
				ALWAYS_SEARCH_USER_PATHS = NO;
				CLANG_ANALYZER_NONNULL = YES;
				CLANG_ANALYZER_NUMBER_OBJECT_CONVERSION = YES_AGGRESSIVE;
				CLANG_CXX_LANGUAGE_STANDARD = "gnu++20";
				CLANG_ENABLE_MODULES = YES;
				CLANG_ENABLE_OBJC_ARC = YES;
				CLANG_ENABLE_OBJC_WEAK = YES;
				CLANG_WARN_BLOCK_CAPTURE_AUTORELEASING = YES;
				CLANG_WARN_BOOL_CONVERSION = YES;
				CLANG_WARN_COMMA = YES;
				CLANG_WARN_CONSTANT_CONVERSION = YES;
				CLANG_WARN_DEPRECATED_OBJC_IMPLEMENTATIONS = YES;
				CLANG_WARN_DIRECT_OBJC_ISA_USAGE = YES_ERROR;
				CLANG_WARN_DOCUMENTATION_COMMENTS = YES;
				CLANG_WARN_EMPTY_BODY = YES;
				CLANG_WARN_ENUM_CONVERSION = YES;
				CLANG_WARN_INFINITE_RECURSION = YES;
				CLANG_WARN_INT_CONVERSION = YES;
				CLANG_WARN_NON_LITERAL_NULL_CONVERSION = YES;
				CLANG_WARN_OBJC_IMPLICIT_RETAIN_SELF = YES;
				CLANG_WARN_OBJC_LITERAL_CONVERSION = YES;
				CLANG_WARN_OBJC_ROOT_CLASS = YES_ERROR;
				CLANG_WARN_QUOTED_INCLUDE_IN_FRAMEWORK_HEADER = YES;
				CLANG_WARN_RANGE_LOOP_ANALYSIS = YES;
				CLANG_WARN_STRICT_PROTOTYPES = YES;
				CLANG_WARN_SUSPICIOUS_MOVE = YES;
				CLANG_WARN_UNGUARDED_AVAILABILITY = YES_AGGRESSIVE;
				CLANG_WARN_UNREACHABLE_CODE = YES;
				CLANG_WARN__DUPLICATE_METHOD_MATCH = YES;
				COPY_PHASE_STRIP = NO;
				DEBUG_INFORMATION_FORMAT = dwarf;
				ENABLE_STRICT_OBJC_MSGSEND = YES;
				ENABLE_TESTABILITY = YES;
				GCC_C_LANGUAGE_STANDARD = gnu11;
				GCC_DYNAMIC_NO_PIC = NO;
				GCC_NO_COMMON_BLOCKS = YES;
				GCC_OPTIMIZATION_LEVEL = 0;
				GCC_PREPROCESSOR_DEFINITIONS = (
					"DEBUG=1",
					"$(inherited)",
				);
				GCC_WARN_64_TO_32_BIT_CONVERSION = YES;
				GCC_WARN_ABOUT_RETURN_TYPE = YES_ERROR;
				GCC_WARN_UNDECLARED_SELECTOR = YES;
				GCC_WARN_UNINITIALIZED_AUTOS = YES_AGGRESSIVE;
				GCC_WARN_UNUSED_FUNCTION = YES;
				GCC_WARN_UNUSED_VARIABLE = YES;
				IPHONEOS_DEPLOYMENT_TARGET = 16.0;
				MTL_ENABLE_DEBUG_INFO = INCLUDE_SOURCE;
				MTL_FAST_MATH = YES;
				ONLY_ACTIVE_ARCH = YES;
				SDKROOT = iphoneos;
				SWIFT_ACTIVE_COMPILATION_CONDITIONS = DEBUG;
				SWIFT_OPTIMIZATION_LEVEL = "-Onone";
			};
			name = Debug;
		};
		467DAE572901A52900D703A1 /* Release */ = {
			isa = XCBuildConfiguration;
			buildSettings = {
				ALWAYS_SEARCH_USER_PATHS = NO;
				CLANG_ANALYZER_NONNULL = YES;
				CLANG_ANALYZER_NUMBER_OBJECT_CONVERSION = YES_AGGRESSIVE;
				CLANG_CXX_LANGUAGE_STANDARD = "gnu++20";
				CLANG_ENABLE_MODULES = YES;
				CLANG_ENABLE_OBJC_ARC = YES;
				CLANG_ENABLE_OBJC_WEAK = YES;
				CLANG_WARN_BLOCK_CAPTURE_AUTORELEASING = YES;
				CLANG_WARN_BOOL_CONVERSION = YES;
				CLANG_WARN_COMMA = YES;
				CLANG_WARN_CONSTANT_CONVERSION = YES;
				CLANG_WARN_DEPRECATED_OBJC_IMPLEMENTATIONS = YES;
				CLANG_WARN_DIRECT_OBJC_ISA_USAGE = YES_ERROR;
				CLANG_WARN_DOCUMENTATION_COMMENTS = YES;
				CLANG_WARN_EMPTY_BODY = YES;
				CLANG_WARN_ENUM_CONVERSION = YES;
				CLANG_WARN_INFINITE_RECURSION = YES;
				CLANG_WARN_INT_CONVERSION = YES;
				CLANG_WARN_NON_LITERAL_NULL_CONVERSION = YES;
				CLANG_WARN_OBJC_IMPLICIT_RETAIN_SELF = YES;
				CLANG_WARN_OBJC_LITERAL_CONVERSION = YES;
				CLANG_WARN_OBJC_ROOT_CLASS = YES_ERROR;
				CLANG_WARN_QUOTED_INCLUDE_IN_FRAMEWORK_HEADER = YES;
				CLANG_WARN_RANGE_LOOP_ANALYSIS = YES;
				CLANG_WARN_STRICT_PROTOTYPES = YES;
				CLANG_WARN_SUSPICIOUS_MOVE = YES;
				CLANG_WARN_UNGUARDED_AVAILABILITY = YES_AGGRESSIVE;
				CLANG_WARN_UNREACHABLE_CODE = YES;
				CLANG_WARN__DUPLICATE_METHOD_MATCH = YES;
				COPY_PHASE_STRIP = NO;
				DEBUG_INFORMATION_FORMAT = "dwarf-with-dsym";
				ENABLE_NS_ASSERTIONS = NO;
				ENABLE_STRICT_OBJC_MSGSEND = YES;
				GCC_C_LANGUAGE_STANDARD = gnu11;
				GCC_NO_COMMON_BLOCKS = YES;
				GCC_WARN_64_TO_32_BIT_CONVERSION = YES;
				GCC_WARN_ABOUT_RETURN_TYPE = YES_ERROR;
				GCC_WARN_UNDECLARED_SELECTOR = YES;
				GCC_WARN_UNINITIALIZED_AUTOS = YES_AGGRESSIVE;
				GCC_WARN_UNUSED_FUNCTION = YES;
				GCC_WARN_UNUSED_VARIABLE = YES;
				IPHONEOS_DEPLOYMENT_TARGET = 16.0;
				MTL_ENABLE_DEBUG_INFO = NO;
				MTL_FAST_MATH = YES;
				SDKROOT = iphoneos;
				SWIFT_COMPILATION_MODE = wholemodule;
				SWIFT_OPTIMIZATION_LEVEL = "-O";
				VALIDATE_PRODUCT = YES;
			};
			name = Release;
		};
		467DAE592901A52900D703A1 /* Debug */ = {
			isa = XCBuildConfiguration;
			buildSettings = {
				ASSETCATALOG_COMPILER_APPICON_NAME = AppIcon;
				ASSETCATALOG_COMPILER_GLOBAL_ACCENT_COLOR_NAME = AccentColor;
				CODE_SIGN_STYLE = Automatic;
				CURRENT_PROJECT_VERSION = 1;
				DEVELOPMENT_TEAM = RBKKJA2G4H;
				GENERATE_INFOPLIST_FILE = YES;
				INFOPLIST_FILE = "Apple Pie/Info.plist";
				INFOPLIST_KEY_UIApplicationSupportsIndirectInputEvents = YES;
				INFOPLIST_KEY_UILaunchStoryboardName = LaunchScreen;
				INFOPLIST_KEY_UIMainStoryboardFile = Main;
				INFOPLIST_KEY_UISupportedInterfaceOrientations_iPad = "UIInterfaceOrientationPortrait UIInterfaceOrientationPortraitUpsideDown UIInterfaceOrientationLandscapeLeft UIInterfaceOrientationLandscapeRight";
				INFOPLIST_KEY_UISupportedInterfaceOrientations_iPhone = "UIInterfaceOrientationPortrait UIInterfaceOrientationLandscapeLeft UIInterfaceOrientationLandscapeRight";
				LD_RUNPATH_SEARCH_PATHS = (
					"$(inherited)",
					"@executable_path/Frameworks",
				);
				MARKETING_VERSION = 1.0;
				PRODUCT_BUNDLE_IDENTIFIER = "xcode.Apple-Pie";
				PRODUCT_NAME = "$(TARGET_NAME)";
				SWIFT_EMIT_LOC_STRINGS = YES;
				SWIFT_VERSION = 5.0;
				TARGETED_DEVICE_FAMILY = "1,2";
			};
			name = Debug;
		};
		467DAE5A2901A52900D703A1 /* Release */ = {
			isa = XCBuildConfiguration;
			buildSettings = {
				ASSETCATALOG_COMPILER_APPICON_NAME = AppIcon;
				ASSETCATALOG_COMPILER_GLOBAL_ACCENT_COLOR_NAME = AccentColor;
				CODE_SIGN_STYLE = Automatic;
				CURRENT_PROJECT_VERSION = 1;
				DEVELOPMENT_TEAM = RBKKJA2G4H;
				GENERATE_INFOPLIST_FILE = YES;
				INFOPLIST_FILE = "Apple Pie/Info.plist";
				INFOPLIST_KEY_UIApplicationSupportsIndirectInputEvents = YES;
				INFOPLIST_KEY_UILaunchStoryboardName = LaunchScreen;
				INFOPLIST_KEY_UIMainStoryboardFile = Main;
				INFOPLIST_KEY_UISupportedInterfaceOrientations_iPad = "UIInterfaceOrientationPortrait UIInterfaceOrientationPortraitUpsideDown UIInterfaceOrientationLandscapeLeft UIInterfaceOrientationLandscapeRight";
				INFOPLIST_KEY_UISupportedInterfaceOrientations_iPhone = "UIInterfaceOrientationPortrait UIInterfaceOrientationLandscapeLeft UIInterfaceOrientationLandscapeRight";
				LD_RUNPATH_SEARCH_PATHS = (
					"$(inherited)",
					"@executable_path/Frameworks",
				);
				MARKETING_VERSION = 1.0;
				PRODUCT_BUNDLE_IDENTIFIER = "xcode.Apple-Pie";
				PRODUCT_NAME = "$(TARGET_NAME)";
				SWIFT_EMIT_LOC_STRINGS = YES;
				SWIFT_VERSION = 5.0;
				TARGETED_DEVICE_FAMILY = "1,2";
			};
			name = Release;
		};
		467DAE5C2901A52900D703A1 /* Debug */ = {
			isa = XCBuildConfiguration;
			buildSettings = {
				ALWAYS_EMBED_SWIFT_STANDARD_LIBRARIES = YES;
				BUNDLE_LOADER = "$(TEST_HOST)";
				CODE_SIGN_STYLE = Automatic;
				CURRENT_PROJECT_VERSION = 1;
				DEVELOPMENT_TEAM = RBKKJA2G4H;
				GENERATE_INFOPLIST_FILE = YES;
				IPHONEOS_DEPLOYMENT_TARGET = 16.0;
				MARKETING_VERSION = 1.0;
				PRODUCT_BUNDLE_IDENTIFIER = "xcode.Apple-PieTests";
				PRODUCT_NAME = "$(TARGET_NAME)";
				SWIFT_EMIT_LOC_STRINGS = NO;
				SWIFT_VERSION = 5.0;
				TARGETED_DEVICE_FAMILY = "1,2";
				TEST_HOST = "$(BUILT_PRODUCTS_DIR)/Apple Pie.app/$(BUNDLE_EXECUTABLE_FOLDER_PATH)/Apple Pie";
			};
			name = Debug;
		};
		467DAE5D2901A52900D703A1 /* Release */ = {
			isa = XCBuildConfiguration;
			buildSettings = {
				ALWAYS_EMBED_SWIFT_STANDARD_LIBRARIES = YES;
				BUNDLE_LOADER = "$(TEST_HOST)";
				CODE_SIGN_STYLE = Automatic;
				CURRENT_PROJECT_VERSION = 1;
				DEVELOPMENT_TEAM = RBKKJA2G4H;
				GENERATE_INFOPLIST_FILE = YES;
				IPHONEOS_DEPLOYMENT_TARGET = 16.0;
				MARKETING_VERSION = 1.0;
				PRODUCT_BUNDLE_IDENTIFIER = "xcode.Apple-PieTests";
				PRODUCT_NAME = "$(TARGET_NAME)";
				SWIFT_EMIT_LOC_STRINGS = NO;
				SWIFT_VERSION = 5.0;
				TARGETED_DEVICE_FAMILY = "1,2";
				TEST_HOST = "$(BUILT_PRODUCTS_DIR)/Apple Pie.app/$(BUNDLE_EXECUTABLE_FOLDER_PATH)/Apple Pie";
			};
			name = Release;
		};
		467DAE5F2901A52900D703A1 /* Debug */ = {
			isa = XCBuildConfiguration;
			buildSettings = {
				ALWAYS_EMBED_SWIFT_STANDARD_LIBRARIES = YES;
				CODE_SIGN_STYLE = Automatic;
				CURRENT_PROJECT_VERSION = 1;
				DEVELOPMENT_TEAM = RBKKJA2G4H;
				GENERATE_INFOPLIST_FILE = YES;
				MARKETING_VERSION = 1.0;
				PRODUCT_BUNDLE_IDENTIFIER = "xcode.Apple-PieUITests";
				PRODUCT_NAME = "$(TARGET_NAME)";
				SWIFT_EMIT_LOC_STRINGS = NO;
				SWIFT_VERSION = 5.0;
				TARGETED_DEVICE_FAMILY = "1,2";
				TEST_TARGET_NAME = "Apple Pie";
			};
			name = Debug;
		};
		467DAE602901A52900D703A1 /* Release */ = {
			isa = XCBuildConfiguration;
			buildSettings = {
				ALWAYS_EMBED_SWIFT_STANDARD_LIBRARIES = YES;
				CODE_SIGN_STYLE = Automatic;
				CURRENT_PROJECT_VERSION = 1;
				DEVELOPMENT_TEAM = RBKKJA2G4H;
				GENERATE_INFOPLIST_FILE = YES;
				MARKETING_VERSION = 1.0;
				PRODUCT_BUNDLE_IDENTIFIER = "xcode.Apple-PieUITests";
				PRODUCT_NAME = "$(TARGET_NAME)";
				SWIFT_EMIT_LOC_STRINGS = NO;
				SWIFT_VERSION = 5.0;
				TARGETED_DEVICE_FAMILY = "1,2";
				TEST_TARGET_NAME = "Apple Pie";
			};
			name = Release;
		};
/* End XCBuildConfiguration section */

/* Begin XCConfigurationList section */
		467DAE292901A51D00D703A1 /* Build configuration list for PBXProject "Apple Pie" */ = {
			isa = XCConfigurationList;
			buildConfigurations = (
				467DAE562901A52900D703A1 /* Debug */,
				467DAE572901A52900D703A1 /* Release */,
			);
			defaultConfigurationIsVisible = 0;
			defaultConfigurationName = Release;
		};
		467DAE582901A52900D703A1 /* Build configuration list for PBXNativeTarget "Apple Pie" */ = {
			isa = XCConfigurationList;
			buildConfigurations = (
				467DAE592901A52900D703A1 /* Debug */,
				467DAE5A2901A52900D703A1 /* Release */,
			);
			defaultConfigurationIsVisible = 0;
			defaultConfigurationName = Release;
		};
		467DAE5B2901A52900D703A1 /* Build configuration list for PBXNativeTarget "Apple PieTests" */ = {
			isa = XCConfigurationList;
			buildConfigurations = (
				467DAE5C2901A52900D703A1 /* Debug */,
				467DAE5D2901A52900D703A1 /* Release */,
			);
			defaultConfigurationIsVisible = 0;
			defaultConfigurationName = Release;
		};
		467DAE5E2901A52900D703A1 /* Build configuration list for PBXNativeTarget "Apple PieUITests" */ = {
			isa = XCConfigurationList;
			buildConfigurations = (
				467DAE5F2901A52900D703A1 /* Debug */,
				467DAE602901A52900D703A1 /* Release */,
			);
			defaultConfigurationIsVisible = 0;
			defaultConfigurationName = Release;
		};
/* End XCConfigurationList section */
	};
	rootObject = 467DAE262901A51D00D703A1 /* Project object */;
}
